<?xml version="1.0" encoding="utf-8"?>
<Project ToolsVersion="4.0" xmlns="http://schemas.microsoft.com/developer/msbuild/2003">
  <ItemGroup>
    <Filter Include="Source Files">
      <UniqueIdentifier>{4FC737F1-C7A5-4376-A066-2A32D752A2FF}</UniqueIdentifier>
      <Extensions>cpp;c;cc;cxx;def;odl;idl;hpj;bat;asm;asmx</Extensions>
    </Filter>
    <Filter Include="Header Files">
      <UniqueIdentifier>{93995380-89BD-4b04-88EB-625FBE52EBFB}</UniqueIdentifier>
      <Extensions>h;hh;hpp;hxx;hm;inl;inc;xsd</Extensions>
    </Filter>
    <Filter Include="Resource Files">
      <UniqueIdentifier>{67DA6AB6-F800-4c08-8B7A-83BB121AAD01}</UniqueIdentifier>
      <Extensions>rc;ico;cur;bmp;dlg;rc2;rct;bin;rgs;gif;jpg;jpeg;jpe;resx;tiff;tif;png;wav;mfcribbon-ms</Extensions>
    </Filter>
    <Filter Include="Source Files\Support">
      <UniqueIdentifier>{79a4ec10-d618-49a2-88c6-c4e5173e78ed}</UniqueIdentifier>
    </Filter>
    <Filter Include="Header Files\Support">
      <UniqueIdentifier>{8c438e8e-56c7-420a-ad80-6eae92aae5fc}</UniqueIdentifier>
    </Filter>
  </ItemGroup>
  <ItemGroup>
    <ClCompile Include="Database.cpp">
      <Filter>Source Files</Filter>
    </ClCompile>
    <ClCompile Include="JsonPatch.cpp">
      <Filter>Source Files</Filter>
    </ClCompile>
    <ClCompile Include="main.cpp">
      <Filter>Source Files</Filter>
    </ClCompile>
    <ClCompile Include="Species.cpp">
      <Filter>Source Files</Filter>
    </ClCompile>
    <ClCompile Include="Text.cpp">
      <Filter>Source Files</Filter>
    </ClCompile>
    <ClCompile Include="VFS.cpp">
      <Filter>Source Files</Filter>
    </ClCompile>
    <ClCompile Include="Villager.cpp">
      <Filter>Source Files</Filter>
    </ClCompile>
    <ClCompile Include="Item.cpp">
      <Filter>Source Files</Filter>
    </ClCompile>
    <ClCompile Include="Traits.cpp">
      <Filter>Source Files</Filter>
    </ClCompile>
    <ClCompile Include="Player.cpp">
      <Filter>Source Files</Filter>
    </ClCompile>
    <ClCompile Include="support\format.cc">
      <Filter>Source Files\Support</Filter>
    </ClCompile>
    <ClCompile Include="support\glad\glad.c">
      <Filter>Source Files\Support</Filter>
    </ClCompile>
    <ClCompile Include="support\JSON\JSON.cpp">
      <Filter>Source Files\Support</Filter>
    </ClCompile>
    <ClCompile Include="support\JSON\JSONValue.cpp">
      <Filter>Source Files\Support</Filter>
    </ClCompile>
    <ClCompile Include="support\stb_image.cpp">
      <Filter>Source Files\Support</Filter>
    </ClCompile>
    <ClCompile Include="support\miniz.c">
      <Filter>Source Files\Support</Filter>
    </ClCompile>
    <ClCompile Include="support\stb_image_write.cpp">
      <Filter>Source Files\Support</Filter>
    </ClCompile>
  </ItemGroup>
  <ItemGroup>
    <Natvis Include="NatvisFile.natvis" />
  </ItemGroup>
  <ItemGroup>
    <ClInclude Include="Database.h">
      <Filter>Header Files</Filter>
    </ClInclude>
    <ClInclude Include="Shader.h">
      <Filter>Header Files</Filter>
    </ClInclude>
    <ClInclude Include="Species.h">
      <Filter>Header Files</Filter>
    </ClInclude>
    <ClInclude Include="Text.h">
      <Filter>Header Files</Filter>
    </ClInclude>
    <ClInclude Include="VFS.h">
      <Filter>Header Files</Filter>
    </ClInclude>
    <ClInclude Include="Villager.h">
      <Filter>Header Files</Filter>
    </ClInclude>
    <ClInclude Include="Texture.h">
      <Filter>Header Files</Filter>
    </ClInclude>
    <ClInclude Include="Item.h">
      <Filter>Header Files</Filter>
    </ClInclude>
    <ClInclude Include="Tickable.h">
      <Filter>Header Files</Filter>
    </ClInclude>
    <ClInclude Include="Traits.h">
      <Filter>Header Files</Filter>
    </ClInclude>
    <ClInclude Include="SpecialK.h">
      <Filter>Header Files</Filter>
    </ClInclude>
    <ClInclude Include="Player.h">
      <Filter>Header Files</Filter>
    </ClInclude>
  </ItemGroup>
  <ItemGroup>
    <None Include="data\3.3.shader.fs">
      <Filter>Resource Files</Filter>
    </None>
    <None Include="data\3.3.shader.vs">
      <Filter>Resource Files</Filter>
    </None>
  </ItemGroup>
</Project>